// !$*UTF8*$!
{
	archiveVersion = 1;
	classes = {
	};
	objectVersion = 77;
	objects = {

/* Begin PBXBuildFile section */
		B546DF201BDBCC360006D303 /* Assets.xcassets in Resources */ = {isa = PBXBuildFile; fileRef = B546DF1F1BDBCC360006D303 /* Assets.xcassets */; };
		B555BAFE1F4D179A00BADEF6 /* LICENSE in Resources */ = {isa = PBXBuildFile; fileRef = B555BAFD1F4D179A00BADEF6 /* LICENSE */; };
		B555BB001F4D17C100BADEF6 /* README in Resources */ = {isa = PBXBuildFile; fileRef = B555BAFF1F4D17C100BADEF6 /* README */; };
		BDA6C64A2E42FB0400A933EA /* GameSession.swift in Sources */ = {isa = PBXBuildFile; fileRef = BDA6C6432E42FB0400A933EA /* GameSession.swift */; };
		BDA6C64B2E42FB0400A933EA /* GameTransaction.swift in Sources */ = {isa = PBXBuildFile; fileRef = BDA6C6462E42FB0400A933EA /* GameTransaction.swift */; };
		BDA6C64C2E42FB0400A933EA /* GameMode.swift in Sources */ = {isa = PBXBuildFile; fileRef = BDA6C6422E42FB0400A933EA /* GameMode.swift */; };
		BDA6C64D2E42FB0400A933EA /* GameAction.swift in Sources */ = {isa = PBXBuildFile; fileRef = BDA6C6412E42FB0400A933EA /* GameAction.swift */; };
		BDA6C64E2E42FB0400A933EA /* PlayerModel.swift in Sources */ = {isa = PBXBuildFile; fileRef = BDA6C6472E42FB0400A933EA /* PlayerModel.swift */; };
		BDEE76932E4BFBB300597AFE /* SettingsStore.swift in Sources */ = {isa = PBXBuildFile; fileRef = BDEE76912E4BFBB300597AFE /* SettingsStore.swift */; };
		BDEE769C2E4BFBCF00597AFE /* AddNewPlayerView.swift in Sources */ = {isa = PBXBuildFile; fileRef = BDEE76952E4BFBCF00597AFE /* AddNewPlayerView.swift */; };
		BDEE769E2E4BFBCF00597AFE /* SettingsView.swift in Sources */ = {isa = PBXBuildFile; fileRef = BDEE769A2E4BFBCF00597AFE /* SettingsView.swift */; };
		BDEE769F2E4BFBCF00597AFE /* PlayerView.swift in Sources */ = {isa = PBXBuildFile; fileRef = BDEE76992E4BFBCF00597AFE /* PlayerView.swift */; };
		BDEE76A02E4BFBCF00597AFE /* HomeView.swift in Sources */ = {isa = PBXBuildFile; fileRef = BDEE76972E4BFBCF00597AFE /* HomeView.swift */; };
		BDEE76A12E4BFBCF00597AFE /* ActivityLogView.swift in Sources */ = {isa = PBXBuildFile; fileRef = BDEE76942E4BFBCF00597AFE /* ActivityLogView.swift */; };
		BDEE76A22E4BFBCF00597AFE /* MainTabView.swift in Sources */ = {isa = PBXBuildFile; fileRef = BDEE76982E4BFBCF00597AFE /* MainTabView.swift */; };
		BDEE77162E4F913400597AFE /* libswiftCore.tbd in Frameworks */ = {isa = PBXBuildFile; fileRef = BDEE77152E4F911D00597AFE /* libswiftCore.tbd */; };
		BDEE77182E4F914300597AFE /* SwiftUI.framework in Frameworks */ = {isa = PBXBuildFile; fileRef = BDEE77172E4F914300597AFE /* SwiftUI.framework */; };
		BDEE771A2E4F914D00597AFE /* Combine.framework in Frameworks */ = {isa = PBXBuildFile; fileRef = BDEE77192E4F914D00597AFE /* Combine.framework */; };
		BDEE771C2E4F91F800597AFE /* Metal.framework in Frameworks */ = {isa = PBXBuildFile; fileRef = BDEE771B2E4F91F800597AFE /* Metal.framework */; };
		BDEE771E2E4F9A2700597AFE /* iBankerApp.swift in Sources */ = {isa = PBXBuildFile; fileRef = BDEE771D2E4F9A2700597AFE /* iBankerApp.swift */; };
		BDEE783E2E5562DE00597AFE /* ActivityLogEntry.swift in Sources */ = {isa = PBXBuildFile; fileRef = BDEE783D2E5562DE00597AFE /* ActivityLogEntry.swift */; };
/* End PBXBuildFile section */

/* Begin PBXFileReference section */
		B546DF0D1BDBCC360006D303 /* iBanker.app */ = {isa = PBXFileReference; explicitFileType = wrapper.application; includeInIndex = 0; path = iBanker.app; sourceTree = BUILT_PRODUCTS_DIR; };
		B546DF1F1BDBCC360006D303 /* Assets.xcassets */ = {isa = PBXFileReference; lastKnownFileType = folder.assetcatalog; path = Assets.xcassets; sourceTree = "<group>"; };
		B546DF241BDBCC360006D303 /* Info.plist */ = {isa = PBXFileReference; lastKnownFileType = text.plist.xml; path = Info.plist; sourceTree = "<group>"; };
		B555BAFD1F4D179A00BADEF6 /* LICENSE */ = {isa = PBXFileReference; fileEncoding = 4; lastKnownFileType = text; path = LICENSE; sourceTree = "<group>"; };
		B555BAFF1F4D17C100BADEF6 /* README */ = {isa = PBXFileReference; fileEncoding = 4; lastKnownFileType = text; path = README; sourceTree = "<group>"; };
		BDA6C6412E42FB0400A933EA /* GameAction.swift */ = {isa = PBXFileReference; lastKnownFileType = sourcecode.swift; path = GameAction.swift; sourceTree = "<group>"; };
		BDA6C6422E42FB0400A933EA /* GameMode.swift */ = {isa = PBXFileReference; lastKnownFileType = sourcecode.swift; path = GameMode.swift; sourceTree = "<group>"; };
		BDA6C6432E42FB0400A933EA /* GameSession.swift */ = {isa = PBXFileReference; lastKnownFileType = sourcecode.swift; path = GameSession.swift; sourceTree = "<group>"; };
		BDA6C6462E42FB0400A933EA /* GameTransaction.swift */ = {isa = PBXFileReference; lastKnownFileType = sourcecode.swift; path = GameTransaction.swift; sourceTree = "<group>"; };
		BDA6C6472E42FB0400A933EA /* PlayerModel.swift */ = {isa = PBXFileReference; lastKnownFileType = sourcecode.swift; path = PlayerModel.swift; sourceTree = "<group>"; };
		BDEE76912E4BFBB300597AFE /* SettingsStore.swift */ = {isa = PBXFileReference; lastKnownFileType = sourcecode.swift; path = SettingsStore.swift; sourceTree = "<group>"; };
		BDEE76942E4BFBCF00597AFE /* ActivityLogView.swift */ = {isa = PBXFileReference; lastKnownFileType = sourcecode.swift; path = ActivityLogView.swift; sourceTree = "<group>"; };
		BDEE76952E4BFBCF00597AFE /* AddNewPlayerView.swift */ = {isa = PBXFileReference; lastKnownFileType = sourcecode.swift; path = AddNewPlayerView.swift; sourceTree = "<group>"; };
		BDEE76972E4BFBCF00597AFE /* HomeView.swift */ = {isa = PBXFileReference; lastKnownFileType = sourcecode.swift; path = HomeView.swift; sourceTree = "<group>"; };
		BDEE76982E4BFBCF00597AFE /* MainTabView.swift */ = {isa = PBXFileReference; lastKnownFileType = sourcecode.swift; path = MainTabView.swift; sourceTree = "<group>"; };
		BDEE76992E4BFBCF00597AFE /* PlayerView.swift */ = {isa = PBXFileReference; lastKnownFileType = sourcecode.swift; path = PlayerView.swift; sourceTree = "<group>"; };
		BDEE769A2E4BFBCF00597AFE /* SettingsView.swift */ = {isa = PBXFileReference; lastKnownFileType = sourcecode.swift; path = SettingsView.swift; sourceTree = "<group>"; };
		BDEE77152E4F911D00597AFE /* libswiftCore.tbd */ = {isa = PBXFileReference; lastKnownFileType = "sourcecode.text-based-dylib-definition"; name = libswiftCore.tbd; path = usr/lib/swift/libswiftCore.tbd; sourceTree = SDKROOT; };
		BDEE77172E4F914300597AFE /* SwiftUI.framework */ = {isa = PBXFileReference; lastKnownFileType = wrapper.framework; name = SwiftUI.framework; path = System/Library/Frameworks/SwiftUI.framework; sourceTree = SDKROOT; };
		BDEE77192E4F914D00597AFE /* Combine.framework */ = {isa = PBXFileReference; lastKnownFileType = wrapper.framework; name = Combine.framework; path = System/Library/Frameworks/Combine.framework; sourceTree = SDKROOT; };
		BDEE771B2E4F91F800597AFE /* Metal.framework */ = {isa = PBXFileReference; lastKnownFileType = wrapper.framework; name = Metal.framework; path = System/Library/Frameworks/Metal.framework; sourceTree = SDKROOT; };
		BDEE771D2E4F9A2700597AFE /* iBankerApp.swift */ = {isa = PBXFileReference; lastKnownFileType = sourcecode.swift; path = iBankerApp.swift; sourceTree = "<group>"; };
		BDEE783D2E5562DE00597AFE /* ActivityLogEntry.swift */ = {isa = PBXFileReference; lastKnownFileType = sourcecode.swift; path = ActivityLogEntry.swift; sourceTree = "<group>"; };
/* End PBXFileReference section */

/* Begin PBXFileSystemSynchronizedRootGroup section */
		BDEE77482E5111C700597AFE /* ViewSupport */ = {
			isa = PBXFileSystemSynchronizedRootGroup;
			path = ViewSupport;
			sourceTree = "<group>";
		};
		BDEE77BA2E5111EA00597AFE /* ViewModel */ = {
			isa = PBXFileSystemSynchronizedRootGroup;
			path = ViewModel;
			sourceTree = "<group>";
		};
		BDEE77BB2E5111F400597AFE /* ModelSupport */ = {
			isa = PBXFileSystemSynchronizedRootGroup;
			path = ModelSupport;
			sourceTree = "<group>";
		};
		BDEE783F2E55631A00597AFE /* Utilities */ = {
			isa = PBXFileSystemSynchronizedRootGroup;
			path = Utilities;
			sourceTree = "<group>";
		};
/* End PBXFileSystemSynchronizedRootGroup section */

/* Begin PBXFrameworksBuildPhase section */
		B546DF0A1BDBCC360006D303 /* Frameworks */ = {
			isa = PBXFrameworksBuildPhase;
			buildActionMask = 2147483647;
			files = (
				BDEE771C2E4F91F800597AFE /* Metal.framework in Frameworks */,
				BDEE77182E4F914300597AFE /* SwiftUI.framework in Frameworks */,
				BDEE771A2E4F914D00597AFE /* Combine.framework in Frameworks */,
				BDEE77162E4F913400597AFE /* libswiftCore.tbd in Frameworks */,
			);
			runOnlyForDeploymentPostprocessing = 0;
		};
/* End PBXFrameworksBuildPhase section */

/* Begin PBXGroup section */
		B546DF041BDBCC360006D303 = {
			isa = PBXGroup;
			children = (
				B555BAFF1F4D17C100BADEF6 /* README */,
				B555BAFD1F4D179A00BADEF6 /* LICENSE */,
				B546DF0F1BDBCC360006D303 /* iBanker */,
				BDEE77142E4F911D00597AFE /* Frameworks */,
				B546DF0E1BDBCC360006D303 /* Products */,
			);
			sourceTree = "<group>";
		};
		B546DF0E1BDBCC360006D303 /* Products */ = {
			isa = PBXGroup;
			children = (
				B546DF0D1BDBCC360006D303 /* iBanker.app */,
			);
			name = Products;
			sourceTree = "<group>";
		};
		B546DF0F1BDBCC360006D303 /* iBanker */ = {
			isa = PBXGroup;
			children = (
				BDEE783F2E55631A00597AFE /* Utilities */,
				BDA6C6482E42FB0400A933EA /* Model */,
				BDEE77BB2E5111F400597AFE /* ModelSupport */,
				BDEE769B2E4BFBCF00597AFE /* View */,
				BDEE77BA2E5111EA00597AFE /* ViewModel */,
				BDEE77482E5111C700597AFE /* ViewSupport */,
				BDEE76922E4BFBB300597AFE /* Store */,
				B546DF1F1BDBCC360006D303 /* Assets.xcassets */,
				BDEE771D2E4F9A2700597AFE /* iBankerApp.swift */,
				B546DF241BDBCC360006D303 /* Info.plist */,
			);
			path = iBanker;
			sourceTree = "<group>";
		};
		BDA6C6482E42FB0400A933EA /* Model */ = {
			isa = PBXGroup;
			children = (
				BDA6C6412E42FB0400A933EA /* GameAction.swift */,
				BDA6C6422E42FB0400A933EA /* GameMode.swift */,
				BDEE783D2E5562DE00597AFE /* ActivityLogEntry.swift */,
				BDA6C6432E42FB0400A933EA /* GameSession.swift */,
				BDA6C6462E42FB0400A933EA /* GameTransaction.swift */,
				BDA6C6472E42FB0400A933EA /* PlayerModel.swift */,
			);
			path = Model;
			sourceTree = "<group>";
		};
		BDEE76922E4BFBB300597AFE /* Store */ = {
			isa = PBXGroup;
			children = (
				BDEE76912E4BFBB300597AFE /* SettingsStore.swift */,
			);
			path = Store;
			sourceTree = "<group>";
		};
		BDEE769B2E4BFBCF00597AFE /* View */ = {
			isa = PBXGroup;
			children = (
				BDEE76942E4BFBCF00597AFE /* ActivityLogView.swift */,
				BDEE76952E4BFBCF00597AFE /* AddNewPlayerView.swift */,
				BDEE76972E4BFBCF00597AFE /* HomeView.swift */,
				BDEE76982E4BFBCF00597AFE /* MainTabView.swift */,
				BDEE76992E4BFBCF00597AFE /* PlayerView.swift */,
				BDEE769A2E4BFBCF00597AFE /* SettingsView.swift */,
			);
			name = View;
			path = iBanker/View;
			sourceTree = SOURCE_ROOT;
		};
		BDEE77142E4F911D00597AFE /* Frameworks */ = {
			isa = PBXGroup;
			children = (
				BDEE771B2E4F91F800597AFE /* Metal.framework */,
				BDEE77192E4F914D00597AFE /* Combine.framework */,
				BDEE77172E4F914300597AFE /* SwiftUI.framework */,
				BDEE77152E4F911D00597AFE /* libswiftCore.tbd */,
			);
			name = Frameworks;
			sourceTree = "<group>";
		};
/* End PBXGroup section */

/* Begin PBXNativeTarget section */
		B546DF0C1BDBCC360006D303 /* iBanker */ = {
			isa = PBXNativeTarget;
			buildConfigurationList = B546DF271BDBCC360006D303 /* Build configuration list for PBXNativeTarget "iBanker" */;
			buildPhases = (
				B546DF091BDBCC360006D303 /* Sources */,
				B546DF0A1BDBCC360006D303 /* Frameworks */,
				B546DF0B1BDBCC360006D303 /* Resources */,
			);
			buildRules = (
			);
			dependencies = (
			);
			fileSystemSynchronizedGroups = (
				BDEE77482E5111C700597AFE /* ViewSupport */,
				BDEE77BA2E5111EA00597AFE /* ViewModel */,
				BDEE77BB2E5111F400597AFE /* ModelSupport */,
				BDEE783F2E55631A00597AFE /* Utilities */,
			);
			name = iBanker;
			productName = GameCalc;
			productReference = B546DF0D1BDBCC360006D303 /* iBanker.app */;
			productType = "com.apple.product-type.application";
		};
/* End PBXNativeTarget section */

/* Begin PBXProject section */
		B546DF051BDBCC360006D303 /* Project object */ = {
			isa = PBXProject;
			attributes = {
				BuildIndependentTargetsInParallel = YES;
				LastUpgradeCheck = 1640;
				ORGANIZATIONNAME = "Pete Maiser";
				TargetAttributes = {
					B546DF0C1BDBCC360006D303 = {
						CreatedOnToolsVersion = 7.1;
						DevelopmentTeam = 9NMRZ5DQQ6;
					};
				};
			};
			buildConfigurationList = B546DF081BDBCC360006D303 /* Build configuration list for PBXProject "iBanker" */;
			developmentRegion = en;
			hasScannedForEncodings = 0;
			knownRegions = (
				en,
				Base,
			);
			mainGroup = B546DF041BDBCC360006D303;
			preferredProjectObjectVersion = 77;
			productRefGroup = B546DF0E1BDBCC360006D303 /* Products */;
			projectDirPath = "";
			projectRoot = "";
			targets = (
				B546DF0C1BDBCC360006D303 /* iBanker */,
			);
		};
/* End PBXProject section */

/* Begin PBXResourcesBuildPhase section */
		B546DF0B1BDBCC360006D303 /* Resources */ = {
			isa = PBXResourcesBuildPhase;
			buildActionMask = 2147483647;
			files = (
				B555BB001F4D17C100BADEF6 /* README in Resources */,
				B546DF201BDBCC360006D303 /* Assets.xcassets in Resources */,
				B555BAFE1F4D179A00BADEF6 /* LICENSE in Resources */,
			);
			runOnlyForDeploymentPostprocessing = 0;
		};
/* End PBXResourcesBuildPhase section */

/* Begin PBXSourcesBuildPhase section */
		B546DF091BDBCC360006D303 /* Sources */ = {
			isa = PBXSourcesBuildPhase;
			buildActionMask = 2147483647;
			files = (
				BDA6C64A2E42FB0400A933EA /* GameSession.swift in Sources */,
				BDEE771E2E4F9A2700597AFE /* iBankerApp.swift in Sources */,
				BDA6C64B2E42FB0400A933EA /* GameTransaction.swift in Sources */,
				BDEE783E2E5562DE00597AFE /* ActivityLogEntry.swift in Sources */,
				BDA6C64C2E42FB0400A933EA /* GameMode.swift in Sources */,
				BDEE76932E4BFBB300597AFE /* SettingsStore.swift in Sources */,
				BDA6C64D2E42FB0400A933EA /* GameAction.swift in Sources */,
				BDA6C64E2E42FB0400A933EA /* PlayerModel.swift in Sources */,
				BDEE769C2E4BFBCF00597AFE /* AddNewPlayerView.swift in Sources */,
				BDEE769E2E4BFBCF00597AFE /* SettingsView.swift in Sources */,
				BDEE769F2E4BFBCF00597AFE /* PlayerView.swift in Sources */,
				BDEE76A02E4BFBCF00597AFE /* HomeView.swift in Sources */,
				BDEE76A12E4BFBCF00597AFE /* ActivityLogView.swift in Sources */,
				BDEE76A22E4BFBCF00597AFE /* MainTabView.swift in Sources */,
			);
			runOnlyForDeploymentPostprocessing = 0;
		};
/* End PBXSourcesBuildPhase section */

/* Begin XCBuildConfiguration section */
		B546DF251BDBCC360006D303 /* Debug */ = {
			isa = XCBuildConfiguration;
			buildSettings = {
				ALWAYS_SEARCH_USER_PATHS = NO;
				CLANG_CXX_LANGUAGE_STANDARD = "gnu++0x";
				CLANG_ENABLE_MODULES = YES;
				CLANG_ENABLE_OBJC_ARC = YES;
				CLANG_WARN_BLOCK_CAPTURE_AUTORELEASING = YES;
				CLANG_WARN_BOOL_CONVERSION = YES;
				CLANG_WARN_COMMA = YES;
				CLANG_WARN_CONSTANT_CONVERSION = YES;
				CLANG_WARN_DEPRECATED_OBJC_IMPLEMENTATIONS = YES;
				CLANG_WARN_DIRECT_OBJC_ISA_USAGE = YES_ERROR;
				CLANG_WARN_EMPTY_BODY = YES;
				CLANG_WARN_ENUM_CONVERSION = YES;
				CLANG_WARN_INFINITE_RECURSION = YES;
				CLANG_WARN_INT_CONVERSION = YES;
				CLANG_WARN_NON_LITERAL_NULL_CONVERSION = YES;
				CLANG_WARN_OBJC_IMPLICIT_RETAIN_SELF = YES;
				CLANG_WARN_OBJC_LITERAL_CONVERSION = YES;
				CLANG_WARN_OBJC_ROOT_CLASS = YES_ERROR;
				CLANG_WARN_QUOTED_INCLUDE_IN_FRAMEWORK_HEADER = YES;
				CLANG_WARN_RANGE_LOOP_ANALYSIS = YES;
				CLANG_WARN_STRICT_PROTOTYPES = YES;
				CLANG_WARN_SUSPICIOUS_MOVE = YES;
				CLANG_WARN_UNREACHABLE_CODE = YES;
				CLANG_WARN__DUPLICATE_METHOD_MATCH = YES;
				"CODE_SIGN_IDENTITY[sdk=iphoneos*]" = "iPhone Developer";
				COPY_PHASE_STRIP = NO;
				DEBUG_INFORMATION_FORMAT = dwarf;
				DEVELOPMENT_TEAM = 9NMRZ5DQQ6;
				ENABLE_STRICT_OBJC_MSGSEND = YES;
				ENABLE_TESTABILITY = YES;
				ENABLE_USER_SCRIPT_SANDBOXING = YES;
				GCC_C_LANGUAGE_STANDARD = gnu99;
				GCC_DYNAMIC_NO_PIC = NO;
				GCC_NO_COMMON_BLOCKS = YES;
				GCC_OPTIMIZATION_LEVEL = 0;
				GCC_PREPROCESSOR_DEFINITIONS = (
					"DEBUG=1",
					"$(inherited)",
				);
				GCC_WARN_64_TO_32_BIT_CONVERSION = YES;
				GCC_WARN_ABOUT_RETURN_TYPE = YES_ERROR;
				GCC_WARN_UNDECLARED_SELECTOR = YES;
				GCC_WARN_UNINITIALIZED_AUTOS = YES_AGGRESSIVE;
				GCC_WARN_UNUSED_FUNCTION = YES;
				GCC_WARN_UNUSED_VARIABLE = YES;
				IPHONEOS_DEPLOYMENT_TARGET = 18.0;
				MTL_ENABLE_DEBUG_INFO = YES;
				ONLY_ACTIVE_ARCH = YES;
				SDKROOT = iphoneos;
				SWIFT_OPTIMIZATION_LEVEL = "-Onone";
				SWIFT_VERSION = 5.0;
				TARGETED_DEVICE_FAMILY = "1,2";
			};
			name = Debug;
		};
		B546DF261BDBCC360006D303 /* Release */ = {
			isa = XCBuildConfiguration;
			buildSettings = {
				ALWAYS_SEARCH_USER_PATHS = NO;
				CLANG_CXX_LANGUAGE_STANDARD = "gnu++0x";
				CLANG_ENABLE_MODULES = YES;
				CLANG_ENABLE_OBJC_ARC = YES;
				CLANG_WARN_BLOCK_CAPTURE_AUTORELEASING = YES;
				CLANG_WARN_BOOL_CONVERSION = YES;
				CLANG_WARN_COMMA = YES;
				CLANG_WARN_CONSTANT_CONVERSION = YES;
				CLANG_WARN_DEPRECATED_OBJC_IMPLEMENTATIONS = YES;
				CLANG_WARN_DIRECT_OBJC_ISA_USAGE = YES_ERROR;
				CLANG_WARN_EMPTY_BODY = YES;
				CLANG_WARN_ENUM_CONVERSION = YES;
				CLANG_WARN_INFINITE_RECURSION = YES;
				CLANG_WARN_INT_CONVERSION = YES;
				CLANG_WARN_NON_LITERAL_NULL_CONVERSION = YES;
				CLANG_WARN_OBJC_IMPLICIT_RETAIN_SELF = YES;
				CLANG_WARN_OBJC_LITERAL_CONVERSION = YES;
				CLANG_WARN_OBJC_ROOT_CLASS = YES_ERROR;
				CLANG_WARN_QUOTED_INCLUDE_IN_FRAMEWORK_HEADER = YES;
				CLANG_WARN_RANGE_LOOP_ANALYSIS = YES;
				CLANG_WARN_STRICT_PROTOTYPES = YES;
				CLANG_WARN_SUSPICIOUS_MOVE = YES;
				CLANG_WARN_UNREACHABLE_CODE = YES;
				CLANG_WARN__DUPLICATE_METHOD_MATCH = YES;
				"CODE_SIGN_IDENTITY[sdk=iphoneos*]" = "iPhone Developer";
				COPY_PHASE_STRIP = NO;
				DEBUG_INFORMATION_FORMAT = "dwarf-with-dsym";
				DEVELOPMENT_TEAM = 9NMRZ5DQQ6;
				ENABLE_NS_ASSERTIONS = NO;
				ENABLE_STRICT_OBJC_MSGSEND = YES;
				ENABLE_USER_SCRIPT_SANDBOXING = YES;
				GCC_C_LANGUAGE_STANDARD = gnu99;
				GCC_NO_COMMON_BLOCKS = YES;
				GCC_WARN_64_TO_32_BIT_CONVERSION = YES;
				GCC_WARN_ABOUT_RETURN_TYPE = YES_ERROR;
				GCC_WARN_UNDECLARED_SELECTOR = YES;
				GCC_WARN_UNINITIALIZED_AUTOS = YES_AGGRESSIVE;
				GCC_WARN_UNUSED_FUNCTION = YES;
				GCC_WARN_UNUSED_VARIABLE = YES;
				IPHONEOS_DEPLOYMENT_TARGET = 18.0;
				MTL_ENABLE_DEBUG_INFO = NO;
				SDKROOT = iphoneos;
				SWIFT_COMPILATION_MODE = wholemodule;
				SWIFT_VERSION = 5.0;
				TARGETED_DEVICE_FAMILY = "1,2";
				VALIDATE_PRODUCT = YES;
			};
			name = Release;
		};
		B546DF281BDBCC360006D303 /* Debug */ = {
			isa = XCBuildConfiguration;
			buildSettings = {
				ASSETCATALOG_COMPILER_APPICON_NAME = AppIcon;
				CLANG_CXX_LIBRARY = "$(inherited)";
				CODE_SIGN_IDENTITY = "iPhone Developer";
				"CODE_SIGN_IDENTITY[sdk=iphoneos*]" = "iPhone Developer";
				CURRENT_PROJECT_VERSION = 1;
				ENABLE_PREVIEWS = YES;
				GCC_OPTIMIZATION_LEVEL = 0;
				INFOPLIST_FILE = iBanker/Info.plist;
				INFOPLIST_KEY_CFBundleDisplayName = iBanker;
				INFOPLIST_KEY_LSApplicationCategoryType = "public.app-category.board-games";
				INFOPLIST_KEY_UIApplicationSceneManifest_Generation = YES;
				INFOPLIST_KEY_UIApplicationSupportsIndirectInputEvents = YES;
				INFOPLIST_KEY_UILaunchScreen_Generation = YES;
				INFOPLIST_KEY_UISupportedInterfaceOrientations_iPad = "UIInterfaceOrientationPortrait UIInterfaceOrientationPortraitUpsideDown UIInterfaceOrientationLandscapeLeft UIInterfaceOrientationLandscapeRight";
				INFOPLIST_KEY_UISupportedInterfaceOrientations_iPhone = "UIInterfaceOrientationPortrait UIInterfaceOrientationLandscapeLeft UIInterfaceOrientationLandscapeRight";
				IPHONEOS_DEPLOYMENT_TARGET = 18.5;
				LD_RUNPATH_SEARCH_PATHS = (
					"$(inherited)",
					"@executable_path/Frameworks",
				);
				LIBRARY_SEARCH_PATHS = (
					"$(inherited)",
					"$(SDKROOT)/usr/lib/swift",
				);
				MARKETING_VERSION = 1.3;
				PRODUCT_BUNDLE_IDENTIFIER = com.maiser.ibanker;
				PRODUCT_NAME = "$(TARGET_NAME)";
				PROVISIONING_PROFILE = "";
			};
			name = Debug;
		};
		B546DF291BDBCC360006D303 /* Release */ = {
			isa = XCBuildConfiguration;
			buildSettings = {
				ASSETCATALOG_COMPILER_APPICON_NAME = AppIcon;
				CLANG_CXX_LIBRARY = "$(inherited)";
				CODE_SIGN_IDENTITY = "iPhone Developer";
				"CODE_SIGN_IDENTITY[sdk=iphoneos*]" = "iPhone Developer";
				CURRENT_PROJECT_VERSION = 1;
				ENABLE_PREVIEWS = YES;
				GCC_OPTIMIZATION_LEVEL = 0;
				INFOPLIST_FILE = iBanker/Info.plist;
				INFOPLIST_KEY_CFBundleDisplayName = iBanker;
				INFOPLIST_KEY_LSApplicationCategoryType = "public.app-category.board-games";
				INFOPLIST_KEY_UIApplicationSceneManifest_Generation = YES;
				INFOPLIST_KEY_UIApplicationSupportsIndirectInputEvents = YES;
				INFOPLIST_KEY_UILaunchScreen_Generation = YES;
				INFOPLIST_KEY_UISupportedInterfaceOrientations_iPad = "UIInterfaceOrientationPortrait UIInterfaceOrientationPortraitUpsideDown UIInterfaceOrientationLandscapeLeft UIInterfaceOrientationLandscapeRight";
				INFOPLIST_KEY_UISupportedInterfaceOrientations_iPhone = "UIInterfaceOrientationPortrait UIInterfaceOrientationLandscapeLeft UIInterfaceOrientationLandscapeRight";
				IPHONEOS_DEPLOYMENT_TARGET = 18.5;
				LD_RUNPATH_SEARCH_PATHS = (
					"$(inherited)",
					"@executable_path/Frameworks",
				);
				LIBRARY_SEARCH_PATHS = (
					"$(inherited)",
					"$(SDKROOT)/usr/lib/swift",
				);
				MARKETING_VERSION = 1.3;
				PRODUCT_BUNDLE_IDENTIFIER = com.maiser.ibanker;
				PRODUCT_NAME = "$(TARGET_NAME)";
				PROVISIONING_PROFILE = "";
			};
			name = Release;
		};
/* End XCBuildConfiguration section */

/* Begin XCConfigurationList section */
		B546DF081BDBCC360006D303 /* Build configuration list for PBXProject "iBanker" */ = {
			isa = XCConfigurationList;
			buildConfigurations = (
				B546DF251BDBCC360006D303 /* Debug */,
				B546DF261BDBCC360006D303 /* Release */,
			);
			defaultConfigurationIsVisible = 0;
			defaultConfigurationName = Release;
		};
		B546DF271BDBCC360006D303 /* Build configuration list for PBXNativeTarget "iBanker" */ = {
			isa = XCConfigurationList;
			buildConfigurations = (
				B546DF281BDBCC360006D303 /* Debug */,
				B546DF291BDBCC360006D303 /* Release */,
			);
			defaultConfigurationIsVisible = 0;
			defaultConfigurationName = Release;
		};
/* End XCConfigurationList section */
	};
	rootObject = B546DF051BDBCC360006D303 /* Project object */;
}
